
Microsoft Visual Studio Solution File, Format Version 12.00
# Visual Studio Version 17
VisualStudioVersion = 17.14.37328.6 d17.14
MinimumVisualStudioVersion = 10.0.40219.1
Project("{FAE04EC0-301F-11D3-BF4B-00C04F79EFBC}") = "43_arreglos", "43_arreglos\43_arreglos.csproj", "{92DEB8C9-AFE7-4007-A48C-8D97FAE914AE}"
EndProject
Global
	GlobalSection(SolutionConfigurationPlatforms) = preSolution
		Debug|Any CPU = Debug|Any CPU
		Release|Any CPU = Release|Any CPU
	EndGlobalSection
	GlobalSection(ProjectConfigurationPlatforms) = postSolution
		{92DEB8C9-AFE7-4007-A48C-8D97FAE914AE}.Debug|Any CPU.ActiveCfg = Debug|Any CPU
		{92DEB8C9-AFE7-4007-A48C-8D97FAE914AE}.Debug|Any CPU.Build.0 = Debug|Any CPU
		{92DEB8C9-AFE7-4007-A48C-8D97FAE914AE}.Release|Any CPU.ActiveCfg = Release|Any CPU
		{92DEB8C9-AFE7-4007-A48C-8D97FAE914AE}.Release|Any CPU.Build.0 = Release|Any CPU
	EndGlobalSection
	GlobalSection(SolutionProperties) = preSolution
		HideSolutionNode = FALSE
	EndGlobalSection
	GlobalSection(ExtensibilityGlobals) = postSolution
		SolutionGuid = {E9F65CB2-AE7B-4B4D-866D-F53FC1AFA3B9}
	EndGlobalSection
EndGlobal
