
Microsoft Visual Studio Solution File, Format Version 12.00
# Visual Studio Version 17
VisualStudioVersion = 17.14.37328.6 d17.14
MinimumVisualStudioVersion = 10.0.40219.1
Project("{FAE04EC0-301F-11D3-BF4B-00C04F79EFBC}") = "33_while_do_while", "33_while_do_while\33_while_do_while.csproj", "{703513A0-4735-4DF0-97FD-1B2C6967F0F0}"
EndProject
Global
	GlobalSection(SolutionConfigurationPlatforms) = preSolution
		Debug|Any CPU = Debug|Any CPU
		Release|Any CPU = Release|Any CPU
	EndGlobalSection
	GlobalSection(ProjectConfigurationPlatforms) = postSolution
		{703513A0-4735-4DF0-97FD-1B2C6967F0F0}.Debug|Any CPU.ActiveCfg = Debug|Any CPU
		{703513A0-4735-4DF0-97FD-1B2C6967F0F0}.Debug|Any CPU.Build.0 = Debug|Any CPU
		{703513A0-4735-4DF0-97FD-1B2C6967F0F0}.Release|Any CPU.ActiveCfg = Release|Any CPU
		{703513A0-4735-4DF0-97FD-1B2C6967F0F0}.Release|Any CPU.Build.0 = Release|Any CPU
	EndGlobalSection
	GlobalSection(SolutionProperties) = preSolution
		HideSolutionNode = FALSE
	EndGlobalSection
	GlobalSection(ExtensibilityGlobals) = postSolution
		SolutionGuid = {DAE6DFE7-9EF1-4295-9082-0F130158E5B0}
	EndGlobalSection
EndGlobal
