
Microsoft Visual Studio Solution File, Format Version 12.00
# Visual Studio Version 17
VisualStudioVersion = 17.14.37301.10 d17.14
MinimumVisualStudioVersion = 10.0.40219.1
Project("{FAE04EC0-301F-11D3-BF4B-00C04F79EFBC}") = "02_Animacion", "02_Animacion\02_Animacion.csproj", "{F0DCE01D-FD9B-45D9-AA38-54908577AB94}"
EndProject
Global
	GlobalSection(SolutionConfigurationPlatforms) = preSolution
		Debug|Any CPU = Debug|Any CPU
		Release|Any CPU = Release|Any CPU
	EndGlobalSection
	GlobalSection(ProjectConfigurationPlatforms) = postSolution
		{F0DCE01D-FD9B-45D9-AA38-54908577AB94}.Debug|Any CPU.ActiveCfg = Debug|Any CPU
		{F0DCE01D-FD9B-45D9-AA38-54908577AB94}.Debug|Any CPU.Build.0 = Debug|Any CPU
		{F0DCE01D-FD9B-45D9-AA38-54908577AB94}.Release|Any CPU.ActiveCfg = Release|Any CPU
		{F0DCE01D-FD9B-45D9-AA38-54908577AB94}.Release|Any CPU.Build.0 = Release|Any CPU
	EndGlobalSection
	GlobalSection(SolutionProperties) = preSolution
		HideSolutionNode = FALSE
	EndGlobalSection
	GlobalSection(ExtensibilityGlobals) = postSolution
		SolutionGuid = {E3716CE4-C100-47A2-92B4-AAC3E0120AAD}
	EndGlobalSection
EndGlobal
