
Microsoft Visual Studio Solution File, Format Version 12.00
# Visual Studio Version 17
VisualStudioVersion = 17.14.37314.3 d17.14
MinimumVisualStudioVersion = 10.0.40219.1
Project("{FAE04EC0-301F-11D3-BF4B-00C04F79EFBC}") = "21_estructura_if_or_and", "21_estructura_if_or_and\21_estructura_if_or_and.csproj", "{02177D36-DB8A-4CD3-B602-DBEDA6F39E09}"
EndProject
Global
	GlobalSection(SolutionConfigurationPlatforms) = preSolution
		Debug|Any CPU = Debug|Any CPU
		Release|Any CPU = Release|Any CPU
	EndGlobalSection
	GlobalSection(ProjectConfigurationPlatforms) = postSolution
		{02177D36-DB8A-4CD3-B602-DBEDA6F39E09}.Debug|Any CPU.ActiveCfg = Debug|Any CPU
		{02177D36-DB8A-4CD3-B602-DBEDA6F39E09}.Debug|Any CPU.Build.0 = Debug|Any CPU
		{02177D36-DB8A-4CD3-B602-DBEDA6F39E09}.Release|Any CPU.ActiveCfg = Release|Any CPU
		{02177D36-DB8A-4CD3-B602-DBEDA6F39E09}.Release|Any CPU.Build.0 = Release|Any CPU
	EndGlobalSection
	GlobalSection(SolutionProperties) = preSolution
		HideSolutionNode = FALSE
	EndGlobalSection
	GlobalSection(ExtensibilityGlobals) = postSolution
		SolutionGuid = {739EC8E5-55AB-4EBA-B514-50AD358CD390}
	EndGlobalSection
EndGlobal
