
Microsoft Visual Studio Solution File, Format Version 12.00
# Visual Studio Version 17
VisualStudioVersion = 17.14.37328.6 d17.14
MinimumVisualStudioVersion = 10.0.40219.1
Project("{FAE04EC0-301F-11D3-BF4B-00C04F79EFBC}") = "26_for", "26_for\26_for.csproj", "{5F62A6E6-7E86-46E0-9165-F22E22CF6EC0}"
EndProject
Global
	GlobalSection(SolutionConfigurationPlatforms) = preSolution
		Debug|Any CPU = Debug|Any CPU
		Release|Any CPU = Release|Any CPU
	EndGlobalSection
	GlobalSection(ProjectConfigurationPlatforms) = postSolution
		{5F62A6E6-7E86-46E0-9165-F22E22CF6EC0}.Debug|Any CPU.ActiveCfg = Debug|Any CPU
		{5F62A6E6-7E86-46E0-9165-F22E22CF6EC0}.Debug|Any CPU.Build.0 = Debug|Any CPU
		{5F62A6E6-7E86-46E0-9165-F22E22CF6EC0}.Release|Any CPU.ActiveCfg = Release|Any CPU
		{5F62A6E6-7E86-46E0-9165-F22E22CF6EC0}.Release|Any CPU.Build.0 = Release|Any CPU
	EndGlobalSection
	GlobalSection(SolutionProperties) = preSolution
		HideSolutionNode = FALSE
	EndGlobalSection
	GlobalSection(ExtensibilityGlobals) = postSolution
		SolutionGuid = {BAAFC287-906B-4675-BBA6-4375D530C5B6}
	EndGlobalSection
EndGlobal
