
Microsoft Visual Studio Solution File, Format Version 12.00
# Visual Studio Version 17
VisualStudioVersion = 17.14.37328.6 d17.14
MinimumVisualStudioVersion = 10.0.40219.1
Project("{FAE04EC0-301F-11D3-BF4B-00C04F79EFBC}") = "38_control_fuljo", "38_control_fuljo\38_control_fuljo.csproj", "{CFEC51BD-C7FA-45C5-95C3-CCB29D5DA846}"
EndProject
Global
	GlobalSection(SolutionConfigurationPlatforms) = preSolution
		Debug|Any CPU = Debug|Any CPU
		Release|Any CPU = Release|Any CPU
	EndGlobalSection
	GlobalSection(ProjectConfigurationPlatforms) = postSolution
		{CFEC51BD-C7FA-45C5-95C3-CCB29D5DA846}.Debug|Any CPU.ActiveCfg = Debug|Any CPU
		{CFEC51BD-C7FA-45C5-95C3-CCB29D5DA846}.Debug|Any CPU.Build.0 = Debug|Any CPU
		{CFEC51BD-C7FA-45C5-95C3-CCB29D5DA846}.Release|Any CPU.ActiveCfg = Release|Any CPU
		{CFEC51BD-C7FA-45C5-95C3-CCB29D5DA846}.Release|Any CPU.Build.0 = Release|Any CPU
	EndGlobalSection
	GlobalSection(SolutionProperties) = preSolution
		HideSolutionNode = FALSE
	EndGlobalSection
	GlobalSection(ExtensibilityGlobals) = postSolution
		SolutionGuid = {A9C40289-6CE6-4006-A594-2BB8D648CA29}
	EndGlobalSection
EndGlobal
