
Microsoft Visual Studio Solution File, Format Version 12.00
# Visual Studio Version 17
VisualStudioVersion = 17.14.37328.6 d17.14
MinimumVisualStudioVersion = 10.0.40219.1
Project("{FAE04EC0-301F-11D3-BF4B-00C04F79EFBC}") = "34_while_do_while", "34_while_do_while\34_while_do_while.csproj", "{6C9CE684-0DD7-41CC-BDD5-02B809EC2DFF}"
EndProject
Global
	GlobalSection(SolutionConfigurationPlatforms) = preSolution
		Debug|Any CPU = Debug|Any CPU
		Release|Any CPU = Release|Any CPU
	EndGlobalSection
	GlobalSection(ProjectConfigurationPlatforms) = postSolution
		{6C9CE684-0DD7-41CC-BDD5-02B809EC2DFF}.Debug|Any CPU.ActiveCfg = Debug|Any CPU
		{6C9CE684-0DD7-41CC-BDD5-02B809EC2DFF}.Debug|Any CPU.Build.0 = Debug|Any CPU
		{6C9CE684-0DD7-41CC-BDD5-02B809EC2DFF}.Release|Any CPU.ActiveCfg = Release|Any CPU
		{6C9CE684-0DD7-41CC-BDD5-02B809EC2DFF}.Release|Any CPU.Build.0 = Release|Any CPU
	EndGlobalSection
	GlobalSection(SolutionProperties) = preSolution
		HideSolutionNode = FALSE
	EndGlobalSection
	GlobalSection(ExtensibilityGlobals) = postSolution
		SolutionGuid = {9F6125B5-0A26-4FB1-B8A0-A0211CAB2ED0}
	EndGlobalSection
EndGlobal
