
Microsoft Visual Studio Solution File, Format Version 12.00
# Visual Studio Version 17
VisualStudioVersion = 17.14.37314.3 d17.14
MinimumVisualStudioVersion = 10.0.40219.1
Project("{FAE04EC0-301F-11D3-BF4B-00C04F79EFBC}") = "19_estructura_if_or", "19_estructura_if_or\19_estructura_if_or.csproj", "{A98129AF-5481-4238-9F93-CB1D6CC12D75}"
EndProject
Global
	GlobalSection(SolutionConfigurationPlatforms) = preSolution
		Debug|Any CPU = Debug|Any CPU
		Release|Any CPU = Release|Any CPU
	EndGlobalSection
	GlobalSection(ProjectConfigurationPlatforms) = postSolution
		{A98129AF-5481-4238-9F93-CB1D6CC12D75}.Debug|Any CPU.ActiveCfg = Debug|Any CPU
		{A98129AF-5481-4238-9F93-CB1D6CC12D75}.Debug|Any CPU.Build.0 = Debug|Any CPU
		{A98129AF-5481-4238-9F93-CB1D6CC12D75}.Release|Any CPU.ActiveCfg = Release|Any CPU
		{A98129AF-5481-4238-9F93-CB1D6CC12D75}.Release|Any CPU.Build.0 = Release|Any CPU
	EndGlobalSection
	GlobalSection(SolutionProperties) = preSolution
		HideSolutionNode = FALSE
	EndGlobalSection
	GlobalSection(ExtensibilityGlobals) = postSolution
		SolutionGuid = {05110A67-6184-4417-B1CA-CBFB4726AC62}
	EndGlobalSection
EndGlobal
